
Microsoft Visual Studio Solution File, Format Version 12.00
# Visual Studio 15
VisualStudioVersion = 15.0.28010.2036
MinimumVisualStudioVersion = 10.0.40219.1
Project("{FAE04EC0-301F-11D3-BF4B-00C04F79EFBC}") = "LibraryTerminal", "LibraryTerminal\LibraryTerminal.csproj", "{70EB72D9-6AE3-4457-929E-F4F1CBF004C6}"
EndProject
Global
	GlobalSection(SolutionConfigurationPlatforms) = preSolution
		Debug|Any CPU = Debug|Any CPU
		Release|Any CPU = Release|Any CPU
	EndGlobalSection
	GlobalSection(ProjectConfigurationPlatforms) = postSolution
		{70EB72D9-6AE3-4457-929E-F4F1CBF004C6}.Debug|Any CPU.ActiveCfg = Debug|Any CPU
		{70EB72D9-6AE3-4457-929E-F4F1CBF004C6}.Debug|Any CPU.Build.0 = Debug|Any CPU
		{70EB72D9-6AE3-4457-929E-F4F1CBF004C6}.Release|Any CPU.ActiveCfg = Release|Any CPU
		{70EB72D9-6AE3-4457-929E-F4F1CBF004C6}.Release|Any CPU.Build.0 = Release|Any CPU
	EndGlobalSection
	GlobalSection(SolutionProperties) = preSolution
		HideSolutionNode = FALSE
	EndGlobalSection
	GlobalSection(ExtensibilityGlobals) = postSolution
		SolutionGuid = {44A79C89-A76B-495B-B550-531895157562}
	EndGlobalSection
EndGlobal
